
Microsoft Visual Studio Solution File, Format Version 12.00
# Visual Studio 15
VisualStudioVersion = 15.0.27004.2002
MinimumVisualStudioVersion = 10.0.40219.1
Project("{FAE04EC0-301F-11D3-BF4B-00C04F79EFBC}") = "MvcMovie", "MvcMovie\MvcMovie.csproj", "{B520C74D-DB3F-46C8-AB4F-F45F277F5F56}"
EndProject
Global
	GlobalSection(SolutionConfigurationPlatforms) = preSolution
		Debug|Any CPU = Debug|Any CPU
		Release|Any CPU = Release|Any CPU
	EndGlobalSection
	GlobalSection(ProjectConfigurationPlatforms) = postSolution
		{B520C74D-DB3F-46C8-AB4F-F45F277F5F56}.Debug|Any CPU.ActiveCfg = Debug|Any CPU
		{B520C74D-DB3F-46C8-AB4F-F45F277F5F56}.Debug|Any CPU.Build.0 = Debug|Any CPU
		{B520C74D-DB3F-46C8-AB4F-F45F277F5F56}.Release|Any CPU.ActiveCfg = Release|Any CPU
		{B520C74D-DB3F-46C8-AB4F-F45F277F5F56}.Release|Any CPU.Build.0 = Release|Any CPU
	EndGlobalSection
	GlobalSection(SolutionProperties) = preSolution
		HideSolutionNode = FALSE
	EndGlobalSection
	GlobalSection(ExtensibilityGlobals) = postSolution
		SolutionGuid = {30BE2FFC-55BF-4979-9C31-7C2E5F60DECD}
	EndGlobalSection
EndGlobal
